
Microsoft Visual Studio Solution File, Format Version 12.00
# Visual Studio Version 17
VisualStudioVersion = 17.6.33717.318
MinimumVisualStudioVersion = 10.0.40219.1
Project("{FAE04EC0-301F-11D3-BF4B-00C04F79EFBC}") = "Ex04.Menus.Delegates", "Ex04.Menus.Delegates\Ex04.Menus.Delegates.csproj", "{0B88AD05-5347-4E81-8DC1-4B7D484F917E}"
EndProject
Project("{FAE04EC0-301F-11D3-BF4B-00C04F79EFBC}") = "Ex04.Menus.Test", "Ex04.Menus.Test\Ex04.Menus.Test.csproj", "{224AB28B-AA5F-45A3-9417-D011E44D33BB}"
EndProject
Project("{FAE04EC0-301F-11D3-BF4B-00C04F79EFBC}") = "Ex04.Menus.Interfaces", "Ex04.Menus.Interfaces\Ex04.Menus.Interfaces.csproj", "{3CB3F7DA-78A9-4096-A1FB-728F5D9D89DD}"
EndProject
Global
	GlobalSection(SolutionConfigurationPlatforms) = preSolution
		Debug|Any CPU = Debug|Any CPU
		Release|Any CPU = Release|Any CPU
	EndGlobalSection
	GlobalSection(ProjectConfigurationPlatforms) = postSolution
		{0B88AD05-5347-4E81-8DC1-4B7D484F917E}.Debug|Any CPU.ActiveCfg = Debug|Any CPU
		{0B88AD05-5347-4E81-8DC1-4B7D484F917E}.Debug|Any CPU.Build.0 = Debug|Any CPU
		{0B88AD05-5347-4E81-8DC1-4B7D484F917E}.Release|Any CPU.ActiveCfg = Release|Any CPU
		{0B88AD05-5347-4E81-8DC1-4B7D484F917E}.Release|Any CPU.Build.0 = Release|Any CPU
		{224AB28B-AA5F-45A3-9417-D011E44D33BB}.Debug|Any CPU.ActiveCfg = Debug|Any CPU
		{224AB28B-AA5F-45A3-9417-D011E44D33BB}.Debug|Any CPU.Build.0 = Debug|Any CPU
		{224AB28B-AA5F-45A3-9417-D011E44D33BB}.Release|Any CPU.ActiveCfg = Release|Any CPU
		{224AB28B-AA5F-45A3-9417-D011E44D33BB}.Release|Any CPU.Build.0 = Release|Any CPU
		{3CB3F7DA-78A9-4096-A1FB-728F5D9D89DD}.Debug|Any CPU.ActiveCfg = Debug|Any CPU
		{3CB3F7DA-78A9-4096-A1FB-728F5D9D89DD}.Debug|Any CPU.Build.0 = Debug|Any CPU
		{3CB3F7DA-78A9-4096-A1FB-728F5D9D89DD}.Release|Any CPU.ActiveCfg = Release|Any CPU
		{3CB3F7DA-78A9-4096-A1FB-728F5D9D89DD}.Release|Any CPU.Build.0 = Release|Any CPU
	EndGlobalSection
	GlobalSection(SolutionProperties) = preSolution
		HideSolutionNode = FALSE
	EndGlobalSection
	GlobalSection(ExtensibilityGlobals) = postSolution
		SolutionGuid = {4D62B2C4-B9A6-45CE-ABB8-CE05A428CEB5}
	EndGlobalSection
EndGlobal
